
Microsoft Visual Studio Solution File, Format Version 12.00
# Visual Studio 15
VisualStudioVersion = 15.0.28307.136
MinimumVisualStudioVersion = 10.0.40219.1
Project("{FAE04EC0-301F-11D3-BF4B-00C04F79EFBC}") = "pre-final", "pre-final\pre-final.csproj", "{0E16F325-BD32-491E-B604-DB4AC0129BD4}"
EndProject
Project("{FAE04EC0-301F-11D3-BF4B-00C04F79EFBC}") = "pre-final.Tests", "pre-final.Tests\pre-final.Tests.csproj", "{9DF75AE0-53F0-4C3B-ABD8-C96DC11C1D16}"
EndProject
Global
	GlobalSection(SolutionConfigurationPlatforms) = preSolution
		Debug|Any CPU = Debug|Any CPU
		Release|Any CPU = Release|Any CPU
	EndGlobalSection
	GlobalSection(ProjectConfigurationPlatforms) = postSolution
		{0E16F325-BD32-491E-B604-DB4AC0129BD4}.Debug|Any CPU.ActiveCfg = Debug|Any CPU
		{0E16F325-BD32-491E-B604-DB4AC0129BD4}.Debug|Any CPU.Build.0 = Debug|Any CPU
		{0E16F325-BD32-491E-B604-DB4AC0129BD4}.Release|Any CPU.ActiveCfg = Release|Any CPU
		{0E16F325-BD32-491E-B604-DB4AC0129BD4}.Release|Any CPU.Build.0 = Release|Any CPU
		{9DF75AE0-53F0-4C3B-ABD8-C96DC11C1D16}.Debug|Any CPU.ActiveCfg = Debug|Any CPU
		{9DF75AE0-53F0-4C3B-ABD8-C96DC11C1D16}.Debug|Any CPU.Build.0 = Debug|Any CPU
		{9DF75AE0-53F0-4C3B-ABD8-C96DC11C1D16}.Release|Any CPU.ActiveCfg = Release|Any CPU
		{9DF75AE0-53F0-4C3B-ABD8-C96DC11C1D16}.Release|Any CPU.Build.0 = Release|Any CPU
	EndGlobalSection
	GlobalSection(SolutionProperties) = preSolution
		HideSolutionNode = FALSE
	EndGlobalSection
	GlobalSection(ExtensibilityGlobals) = postSolution
		SolutionGuid = {4BB66E44-0DC3-4CCD-BD0A-A4593EB99DC8}
	EndGlobalSection
EndGlobal
